<?xml version="1.0" encoding="utf-8"?>
<Project ToolsVersion="4.0" xmlns="http://schemas.microsoft.com/developer/msbuild/2003">
  <ItemGroup>
    <Filter Include="Headerfiles">
      <UniqueIdentifier>{93995380-89BD-4b04-88EB-625FBE52EBFB}</UniqueIdentifier>
      <Extensions>h;hh;hpp;hxx;hm;inl;inc;ipp;xsd</Extensions>
    </Filter>
    <Filter Include="Sourcefiles">
      <UniqueIdentifier>{4FC737F1-C7A5-4376-A066-2A32D752A2FF}</UniqueIdentifier>
      <Extensions>cpp;c;cc;cxx;def;odl;idl;hpj;bat;asm;asmx</Extensions>
    </Filter>
    <Filter Include="Sourcefiles\Examples">
      <UniqueIdentifier>{ecf3fca8-f80f-49be-bbb6-99e854a44daa}</UniqueIdentifier>
    </Filter>
    <Filter Include="Sourcefiles\ThridParty">
      <UniqueIdentifier>{f2d76794-b29f-414e-b2b5-bac600cb9e60}</UniqueIdentifier>
    </Filter>
    <Filter Include="Sourcefiles\Shaders">
      <UniqueIdentifier>{fc2e5635-42bd-44ff-a348-511f5f5854fd}</UniqueIdentifier>
    </Filter>
    <Filter Include="Ressourcefiles">
      <UniqueIdentifier>{67DA6AB6-F800-4c08-8B7A-83BB121AAD01}</UniqueIdentifier>
      <Extensions>rc;ico;cur;bmp;dlg;rc2;rct;bin;rgs;gif;jpg;jpeg;jpe;resx;tiff;tif;png;wav;mfcribbon-ms</Extensions>
    </Filter>
    <Filter Include="Headerfiles\ThirdParty">
      <UniqueIdentifier>{8b8edccf-2314-4c79-b5da-10a06affb449}</UniqueIdentifier>
    </Filter>
  </ItemGroup>
  <ItemGroup>
    <ClCompile Include="..\..\..\..\..\GLFW\glad\src\glad.c">
      <Filter>Sourcefiles\ThridParty</Filter>
    </ClCompile>
    <ClCompile Include="stb_image.cpp">
      <Filter>Sourcefiles\ThridParty</Filter>
    </ClCompile>
    <ClCompile Include="tiny_obj_loader.cpp">
      <Filter>Sourcefiles\ThridParty</Filter>
    </ClCompile>
    <ClCompile Include="Example.cpp">
      <Filter>Sourcefiles\Examples</Filter>
    </ClCompile>
  </ItemGroup>
  <ItemGroup>
    <ClInclude Include="Texture.h">
      <Filter>Headerfiles</Filter>
    </ClInclude>
    <ClInclude Include="Camera.h">
      <Filter>Headerfiles</Filter>
    </ClInclude>
    <ClInclude Include="Display.h">
      <Filter>Headerfiles</Filter>
    </ClInclude>
    <ClInclude Include="Entity.h">
      <Filter>Headerfiles</Filter>
    </ClInclude>
    <ClInclude Include="Framebuffer.h">
      <Filter>Headerfiles</Filter>
    </ClInclude>
    <ClInclude Include="IndeximalGameEngine.h">
      <Filter>Headerfiles</Filter>
    </ClInclude>
    <ClInclude Include="Model.h">
      <Filter>Headerfiles</Filter>
    </ClInclude>
    <ClInclude Include="Renderer.h">
      <Filter>Headerfiles</Filter>
    </ClInclude>
    <ClInclude Include="Shader.h">
      <Filter>Headerfiles</Filter>
    </ClInclude>
    <ClInclude Include="Terrain.h">
      <Filter>Headerfiles</Filter>
    </ClInclude>
    <ClInclude Include="tiny_obj_loader.h">
      <Filter>Headerfiles\ThirdParty</Filter>
    </ClInclude>
    <ClInclude Include="stb_image.h">
      <Filter>Headerfiles\ThirdParty</Filter>
    </ClInclude>
  </ItemGroup>
  <ItemGroup>
    <None Include="TerrainShader.vert">
      <Filter>Sourcefiles\Shaders</Filter>
    </None>
    <None Include="2DShaderDeferred.frag">
      <Filter>Sourcefiles\Shaders</Filter>
    </None>
    <None Include="2DTextureShader.frag">
      <Filter>Sourcefiles\Shaders</Filter>
    </None>
    <None Include="2DTextureShader.vert">
      <Filter>Sourcefiles\Shaders</Filter>
    </None>
    <None Include="GeometryPassShader.frag">
      <Filter>Sourcefiles\Shaders</Filter>
    </None>
    <None Include="LightingPassShader.frag">
      <Filter>Sourcefiles\Shaders</Filter>
    </None>
    <None Include="StaticShader.vert">
      <Filter>Sourcefiles\Shaders</Filter>
    </None>
    <None Include="StaticShaderColor.frag">
      <Filter>Sourcefiles\Shaders</Filter>
    </None>
    <None Include="StaticShaderTexture.frag">
      <Filter>Sourcefiles\Shaders</Filter>
    </None>
    <None Include="TerrainShader.frag">
      <Filter>Sourcefiles\Shaders</Filter>
    </None>
  </ItemGroup>
</Project>